// !$*UTF8*$!
{
	archiveVersion = 1;
	classes = {
	};
	objectVersion = 46;
	objects = {

/* Begin PBXBuildFile section */
		EB60DD711F1DDD800092C0C1 /* main.m in Sources */ = {isa = PBXBuildFile; fileRef = EB60DD701F1DDD800092C0C1 /* main.m */; };
		EB60DD741F1DDD800092C0C1 /* AppDelegate.m in Sources */ = {isa = PBXBuildFile; fileRef = EB60DD731F1DDD800092C0C1 /* AppDelegate.m */; };
		EB60DD771F1DDD800092C0C1 /* ViewController.m in Sources */ = {isa = PBXBuildFile; fileRef = EB60DD761F1DDD800092C0C1 /* ViewController.m */; };
		EB60DD7A1F1DDD800092C0C1 /* Main.storyboard in Resources */ = {isa = PBXBuildFile; fileRef = EB60DD781F1DDD800092C0C1 /* Main.storyboard */; };
		EB60DD7C1F1DDD800092C0C1 /* Assets.xcassets in Resources */ = {isa = PBXBuildFile; fileRef = EB60DD7B1F1DDD800092C0C1 /* Assets.xcassets */; };
		EB60DD7F1F1DDD800092C0C1 /* LaunchScreen.storyboard in Resources */ = {isa = PBXBuildFile; fileRef = EB60DD7D1F1DDD800092C0C1 /* LaunchScreen.storyboard */; };
		EB60DD971F1E2AB10092C0C1 /* DMLoadingView.m in Sources */ = {isa = PBXBuildFile; fileRef = EB60DD921F1E2AB10092C0C1 /* DMLoadingView.m */; };
		EB60DD981F1E2AB10092C0C1 /* DMLoadingView.xib in Resources */ = {isa = PBXBuildFile; fileRef = EB60DD931F1E2AB10092C0C1 /* DMLoadingView.xib */; };
		EB60DD991F1E2AB10092C0C1 /* UILabel+DMLineSpaceAndWordSpace.m in Sources */ = {isa = PBXBuildFile; fileRef = EB60DD961F1E2AB10092C0C1 /* UILabel+DMLineSpaceAndWordSpace.m */; };
/* End PBXBuildFile section */

/* Begin PBXFileReference section */
		EB60DD6C1F1DDD800092C0C1 /* DMLoadingViewDemo.app */ = {isa = PBXFileReference; explicitFileType = wrapper.application; includeInIndex = 0; path = DMLoadingViewDemo.app; sourceTree = BUILT_PRODUCTS_DIR; };
		EB60DD701F1DDD800092C0C1 /* main.m */ = {isa = PBXFileReference; lastKnownFileType = sourcecode.c.objc; path = main.m; sourceTree = "<group>"; };
		EB60DD721F1DDD800092C0C1 /* AppDelegate.h */ = {isa = PBXFileReference; lastKnownFileType = sourcecode.c.h; path = AppDelegate.h; sourceTree = "<group>"; };
		EB60DD731F1DDD800092C0C1 /* AppDelegate.m */ = {isa = PBXFileReference; lastKnownFileType = sourcecode.c.objc; path = AppDelegate.m; sourceTree = "<group>"; };
		EB60DD751F1DDD800092C0C1 /* ViewController.h */ = {isa = PBXFileReference; lastKnownFileType = sourcecode.c.h; path = ViewController.h; sourceTree = "<group>"; };
		EB60DD761F1DDD800092C0C1 /* ViewController.m */ = {isa = PBXFileReference; lastKnownFileType = sourcecode.c.objc; path = ViewController.m; sourceTree = "<group>"; };
		EB60DD791F1DDD800092C0C1 /* Base */ = {isa = PBXFileReference; lastKnownFileType = file.storyboard; name = Base; path = Base.lproj/Main.storyboard; sourceTree = "<group>"; };
		EB60DD7B1F1DDD800092C0C1 /* Assets.xcassets */ = {isa = PBXFileReference; lastKnownFileType = folder.assetcatalog; path = Assets.xcassets; sourceTree = "<group>"; };
		EB60DD7E1F1DDD800092C0C1 /* Base */ = {isa = PBXFileReference; lastKnownFileType = file.storyboard; name = Base; path = Base.lproj/LaunchScreen.storyboard; sourceTree = "<group>"; };
		EB60DD801F1DDD800092C0C1 /* Info.plist */ = {isa = PBXFileReference; lastKnownFileType = text.plist.xml; path = Info.plist; sourceTree = "<group>"; };
		EB60DD911F1E2AB10092C0C1 /* DMLoadingView.h */ = {isa = PBXFileReference; fileEncoding = 4; lastKnownFileType = sourcecode.c.h; path = DMLoadingView.h; sourceTree = "<group>"; };
		EB60DD921F1E2AB10092C0C1 /* DMLoadingView.m */ = {isa = PBXFileReference; fileEncoding = 4; lastKnownFileType = sourcecode.c.objc; path = DMLoadingView.m; sourceTree = "<group>"; };
		EB60DD931F1E2AB10092C0C1 /* DMLoadingView.xib */ = {isa = PBXFileReference; fileEncoding = 4; lastKnownFileType = file.xib; path = DMLoadingView.xib; sourceTree = "<group>"; };
		EB60DD951F1E2AB10092C0C1 /* UILabel+DMLineSpaceAndWordSpace.h */ = {isa = PBXFileReference; fileEncoding = 4; lastKnownFileType = sourcecode.c.h; path = "UILabel+DMLineSpaceAndWordSpace.h"; sourceTree = "<group>"; };
		EB60DD961F1E2AB10092C0C1 /* UILabel+DMLineSpaceAndWordSpace.m */ = {isa = PBXFileReference; fileEncoding = 4; lastKnownFileType = sourcecode.c.objc; path = "UILabel+DMLineSpaceAndWordSpace.m"; sourceTree = "<group>"; };
/* End PBXFileReference section */

/* Begin PBXFrameworksBuildPhase section */
		EB60DD691F1DDD800092C0C1 /* Frameworks */ = {
			isa = PBXFrameworksBuildPhase;
			buildActionMask = 2147483647;
			files = (
			);
			runOnlyForDeploymentPostprocessing = 0;
		};
/* End PBXFrameworksBuildPhase section */

/* Begin PBXGroup section */
		EB60DD631F1DDD800092C0C1 = {
			isa = PBXGroup;
			children = (
				EB60DD6E1F1DDD800092C0C1 /* DMLoadingViewDemo */,
				EB60DD6D1F1DDD800092C0C1 /* Products */,
			);
			sourceTree = "<group>";
		};
		EB60DD6D1F1DDD800092C0C1 /* Products */ = {
			isa = PBXGroup;
			children = (
				EB60DD6C1F1DDD800092C0C1 /* DMLoadingViewDemo.app */,
			);
			name = Products;
			sourceTree = "<group>";
		};
		EB60DD6E1F1DDD800092C0C1 /* DMLoadingViewDemo */ = {
			isa = PBXGroup;
			children = (
				EB60DD901F1E2AB10092C0C1 /* DMLoadingView */,
				EB60DD721F1DDD800092C0C1 /* AppDelegate.h */,
				EB60DD731F1DDD800092C0C1 /* AppDelegate.m */,
				EB60DD751F1DDD800092C0C1 /* ViewController.h */,
				EB60DD761F1DDD800092C0C1 /* ViewController.m */,
				EB60DD781F1DDD800092C0C1 /* Main.storyboard */,
				EB60DD7B1F1DDD800092C0C1 /* Assets.xcassets */,
				EB60DD7D1F1DDD800092C0C1 /* LaunchScreen.storyboard */,
				EB60DD801F1DDD800092C0C1 /* Info.plist */,
				EB60DD6F1F1DDD800092C0C1 /* Supporting Files */,
			);
			path = DMLoadingViewDemo;
			sourceTree = "<group>";
		};
		EB60DD6F1F1DDD800092C0C1 /* Supporting Files */ = {
			isa = PBXGroup;
			children = (
				EB60DD701F1DDD800092C0C1 /* main.m */,
			);
			name = "Supporting Files";
			sourceTree = "<group>";
		};
		EB60DD901F1E2AB10092C0C1 /* DMLoadingView */ = {
			isa = PBXGroup;
			children = (
				EB60DD911F1E2AB10092C0C1 /* DMLoadingView.h */,
				EB60DD921F1E2AB10092C0C1 /* DMLoadingView.m */,
				EB60DD931F1E2AB10092C0C1 /* DMLoadingView.xib */,
				EB60DD941F1E2AB10092C0C1 /* sourceImages */,
				EB60DD951F1E2AB10092C0C1 /* UILabel+DMLineSpaceAndWordSpace.h */,
				EB60DD961F1E2AB10092C0C1 /* UILabel+DMLineSpaceAndWordSpace.m */,
			);
			name = DMLoadingView;
			path = ../../DMLoadingView;
			sourceTree = "<group>";
		};
		EB60DD941F1E2AB10092C0C1 /* sourceImages */ = {
			isa = PBXGroup;
			children = (
			);
			path = sourceImages;
			sourceTree = "<group>";
		};
/* End PBXGroup section */

/* Begin PBXNativeTarget section */
		EB60DD6B1F1DDD800092C0C1 /* DMLoadingViewDemo */ = {
			isa = PBXNativeTarget;
			buildConfigurationList = EB60DD831F1DDD800092C0C1 /* Build configuration list for PBXNativeTarget "DMLoadingViewDemo" */;
			buildPhases = (
				EB60DD681F1DDD800092C0C1 /* Sources */,
				EB60DD691F1DDD800092C0C1 /* Frameworks */,
				EB60DD6A1F1DDD800092C0C1 /* Resources */,
			);
			buildRules = (
			);
			dependencies = (
			);
			name = DMLoadingViewDemo;
			productName = DMLoadingViewDemo;
			productReference = EB60DD6C1F1DDD800092C0C1 /* DMLoadingViewDemo.app */;
			productType = "com.apple.product-type.application";
		};
/* End PBXNativeTarget section */

/* Begin PBXProject section */
		EB60DD641F1DDD800092C0C1 /* Project object */ = {
			isa = PBXProject;
			attributes = {
				LastUpgradeCheck = 0830;
				ORGANIZATIONNAME = "YRHY Science and Technology (Beijing) Co., Ltd.";
				TargetAttributes = {
					EB60DD6B1F1DDD800092C0C1 = {
						CreatedOnToolsVersion = 8.3.3;
						DevelopmentTeam = 3AHZ82SGX3;
						ProvisioningStyle = Automatic;
					};
				};
			};
			buildConfigurationList = EB60DD671F1DDD800092C0C1 /* Build configuration list for PBXProject "DMLoadingViewDemo" */;
			compatibilityVersion = "Xcode 3.2";
			developmentRegion = English;
			hasScannedForEncodings = 0;
			knownRegions = (
				en,
				Base,
			);
			mainGroup = EB60DD631F1DDD800092C0C1;
			productRefGroup = EB60DD6D1F1DDD800092C0C1 /* Products */;
			projectDirPath = "";
			projectRoot = "";
			targets = (
				EB60DD6B1F1DDD800092C0C1 /* DMLoadingViewDemo */,
			);
		};
/* End PBXProject section */

/* Begin PBXResourcesBuildPhase section */
		EB60DD6A1F1DDD800092C0C1 /* Resources */ = {
			isa = PBXResourcesBuildPhase;
			buildActionMask = 2147483647;
			files = (
				EB60DD981F1E2AB10092C0C1 /* DMLoadingView.xib in Resources */,
				EB60DD7F1F1DDD800092C0C1 /* LaunchScreen.storyboard in Resources */,
				EB60DD7C1F1DDD800092C0C1 /* Assets.xcassets in Resources */,
				EB60DD7A1F1DDD800092C0C1 /* Main.storyboard in Resources */,
			);
			runOnlyForDeploymentPostprocessing = 0;
		};
/* End PBXResourcesBuildPhase section */

/* Begin PBXSourcesBuildPhase section */
		EB60DD681F1DDD800092C0C1 /* Sources */ = {
			isa = PBXSourcesBuildPhase;
			buildActionMask = 2147483647;
			files = (
				EB60DD971F1E2AB10092C0C1 /* DMLoadingView.m in Sources */,
				EB60DD771F1DDD800092C0C1 /* ViewController.m in Sources */,
				EB60DD741F1DDD800092C0C1 /* AppDelegate.m in Sources */,
				EB60DD991F1E2AB10092C0C1 /* UILabel+DMLineSpaceAndWordSpace.m in Sources */,
				EB60DD711F1DDD800092C0C1 /* main.m in Sources */,
			);
			runOnlyForDeploymentPostprocessing = 0;
		};
/* End PBXSourcesBuildPhase section */

/* Begin PBXVariantGroup section */
		EB60DD781F1DDD800092C0C1 /* Main.storyboard */ = {
			isa = PBXVariantGroup;
			children = (
				EB60DD791F1DDD800092C0C1 /* Base */,
			);
			name = Main.storyboard;
			sourceTree = "<group>";
		};
		EB60DD7D1F1DDD800092C0C1 /* LaunchScreen.storyboard */ = {
			isa = PBXVariantGroup;
			children = (
				EB60DD7E1F1DDD800092C0C1 /* Base */,
			);
			name = LaunchScreen.storyboard;
			sourceTree = "<group>";
		};
/* End PBXVariantGroup section */

/* Begin XCBuildConfiguration section */
		EB60DD811F1DDD800092C0C1 /* Debug */ = {
			isa = XCBuildConfiguration;
			buildSettings = {
				ALWAYS_SEARCH_USER_PATHS = NO;
				CLANG_ANALYZER_NONNULL = YES;
				CLANG_ANALYZER_NUMBER_OBJECT_CONVERSION = YES_AGGRESSIVE;
				CLANG_CXX_LANGUAGE_STANDARD = "gnu++0x";
				CLANG_CXX_LIBRARY = "libc++";
				CLANG_ENABLE_MODULES = YES;
				CLANG_ENABLE_OBJC_ARC = YES;
				CLANG_WARN_BOOL_CONVERSION = YES;
				CLANG_WARN_CONSTANT_CONVERSION = YES;
				CLANG_WARN_DIRECT_OBJC_ISA_USAGE = YES_ERROR;
				CLANG_WARN_DOCUMENTATION_COMMENTS = YES;
				CLANG_WARN_EMPTY_BODY = YES;
				CLANG_WARN_ENUM_CONVERSION = YES;
				CLANG_WARN_INFINITE_RECURSION = YES;
				CLANG_WARN_INT_CONVERSION = YES;
				CLANG_WARN_OBJC_ROOT_CLASS = YES_ERROR;
				CLANG_WARN_SUSPICIOUS_MOVE = YES;
				CLANG_WARN_UNREACHABLE_CODE = YES;
				CLANG_WARN__DUPLICATE_METHOD_MATCH = YES;
				"CODE_SIGN_IDENTITY[sdk=iphoneos*]" = "iPhone Developer";
				COPY_PHASE_STRIP = NO;
				DEBUG_INFORMATION_FORMAT = dwarf;
				ENABLE_STRICT_OBJC_MSGSEND = YES;
				ENABLE_TESTABILITY = YES;
				GCC_C_LANGUAGE_STANDARD = gnu99;
				GCC_DYNAMIC_NO_PIC = NO;
				GCC_NO_COMMON_BLOCKS = YES;
				GCC_OPTIMIZATION_LEVEL = 0;
				GCC_PREPROCESSOR_DEFINITIONS = (
					"DEBUG=1",
					"$(inherited)",
				);
				GCC_WARN_64_TO_32_BIT_CONVERSION = YES;
				GCC_WARN_ABOUT_RETURN_TYPE = YES_ERROR;
				GCC_WARN_UNDECLARED_SELECTOR = YES;
				GCC_WARN_UNINITIALIZED_AUTOS = YES_AGGRESSIVE;
				GCC_WARN_UNUSED_FUNCTION = YES;
				GCC_WARN_UNUSED_VARIABLE = YES;
				IPHONEOS_DEPLOYMENT_TARGET = 10.3;
				MTL_ENABLE_DEBUG_INFO = YES;
				ONLY_ACTIVE_ARCH = YES;
				SDKROOT = iphoneos;
			};
			name = Debug;
		};
		EB60DD821F1DDD800092C0C1 /* Release */ = {
			isa = XCBuildConfiguration;
			buildSettings = {
				ALWAYS_SEARCH_USER_PATHS = NO;
				CLANG_ANALYZER_NONNULL = YES;
				CLANG_ANALYZER_NUMBER_OBJECT_CONVERSION = YES_AGGRESSIVE;
				CLANG_CXX_LANGUAGE_STANDARD = "gnu++0x";
				CLANG_CXX_LIBRARY = "libc++";
				CLANG_ENABLE_MODULES = YES;
				CLANG_ENABLE_OBJC_ARC = YES;
				CLANG_WARN_BOOL_CONVERSION = YES;
				CLANG_WARN_CONSTANT_CONVERSION = YES;
				CLANG_WARN_DIRECT_OBJC_ISA_USAGE = YES_ERROR;
				CLANG_WARN_DOCUMENTATION_COMMENTS = YES;
				CLANG_WARN_EMPTY_BODY = YES;
				CLANG_WARN_ENUM_CONVERSION = YES;
				CLANG_WARN_INFINITE_RECURSION = YES;
				CLANG_WARN_INT_CONVERSION = YES;
				CLANG_WARN_OBJC_ROOT_CLASS = YES_ERROR;
				CLANG_WARN_SUSPICIOUS_MOVE = YES;
				CLANG_WARN_UNREACHABLE_CODE = YES;
				CLANG_WARN__DUPLICATE_METHOD_MATCH = YES;
				"CODE_SIGN_IDENTITY[sdk=iphoneos*]" = "iPhone Developer";
				COPY_PHASE_STRIP = NO;
				DEBUG_INFORMATION_FORMAT = "dwarf-with-dsym";
				ENABLE_NS_ASSERTIONS = NO;
				ENABLE_STRICT_OBJC_MSGSEND = YES;
				GCC_C_LANGUAGE_STANDARD = gnu99;
				GCC_NO_COMMON_BLOCKS = YES;
				GCC_WARN_64_TO_32_BIT_CONVERSION = YES;
				GCC_WARN_ABOUT_RETURN_TYPE = YES_ERROR;
				GCC_WARN_UNDECLARED_SELECTOR = YES;
				GCC_WARN_UNINITIALIZED_AUTOS = YES_AGGRESSIVE;
				GCC_WARN_UNUSED_FUNCTION = YES;
				GCC_WARN_UNUSED_VARIABLE = YES;
				IPHONEOS_DEPLOYMENT_TARGET = 10.3;
				MTL_ENABLE_DEBUG_INFO = NO;
				SDKROOT = iphoneos;
				VALIDATE_PRODUCT = YES;
			};
			name = Release;
		};
		EB60DD841F1DDD800092C0C1 /* Debug */ = {
			isa = XCBuildConfiguration;
			buildSettings = {
				ASSETCATALOG_COMPILER_APPICON_NAME = AppIcon;
				DEVELOPMENT_TEAM = 3AHZ82SGX3;
				INFOPLIST_FILE = DMLoadingViewDemo/Info.plist;
				LD_RUNPATH_SEARCH_PATHS = "$(inherited) @executable_path/Frameworks";
				PRODUCT_BUNDLE_IDENTIFIER = com.yrdgroup.DMLoadingViewDemo;
				PRODUCT_NAME = "$(TARGET_NAME)";
			};
			name = Debug;
		};
		EB60DD851F1DDD800092C0C1 /* Release */ = {
			isa = XCBuildConfiguration;
			buildSettings = {
				ASSETCATALOG_COMPILER_APPICON_NAME = AppIcon;
				DEVELOPMENT_TEAM = 3AHZ82SGX3;
				INFOPLIST_FILE = DMLoadingViewDemo/Info.plist;
				LD_RUNPATH_SEARCH_PATHS = "$(inherited) @executable_path/Frameworks";
				PRODUCT_BUNDLE_IDENTIFIER = com.yrdgroup.DMLoadingViewDemo;
				PRODUCT_NAME = "$(TARGET_NAME)";
			};
			name = Release;
		};
/* End XCBuildConfiguration section */

/* Begin XCConfigurationList section */
		EB60DD671F1DDD800092C0C1 /* Build configuration list for PBXProject "DMLoadingViewDemo" */ = {
			isa = XCConfigurationList;
			buildConfigurations = (
				EB60DD811F1DDD800092C0C1 /* Debug */,
				EB60DD821F1DDD800092C0C1 /* Release */,
			);
			defaultConfigurationIsVisible = 0;
			defaultConfigurationName = Release;
		};
		EB60DD831F1DDD800092C0C1 /* Build configuration list for PBXNativeTarget "DMLoadingViewDemo" */ = {
			isa = XCConfigurationList;
			buildConfigurations = (
				EB60DD841F1DDD800092C0C1 /* Debug */,
				EB60DD851F1DDD800092C0C1 /* Release */,
			);
			defaultConfigurationIsVisible = 0;
		};
/* End XCConfigurationList section */
	};
	rootObject = EB60DD641F1DDD800092C0C1 /* Project object */;
}
